
Microsoft Visual Studio Solution File, Format Version 12.00
Project("{FAE04EC0-301F-11D3-BF4B-00C04F79EFBC}") = "VXMusic", "VXMusic\VXMusic.csproj", "{2BDA536D-8B65-4747-ACFA-AD8F2F1F9EB9}"
EndProject
Global
	GlobalSection(SolutionConfigurationPlatforms) = preSolution
		Debug|Any CPU = Debug|Any CPU
		Release|Any CPU = Release|Any CPU
	EndGlobalSection
	GlobalSection(ProjectConfigurationPlatforms) = postSolution
		{2BDA536D-8B65-4747-ACFA-AD8F2F1F9EB9}.Debug|Any CPU.ActiveCfg = Debug|Any CPU
		{2BDA536D-8B65-4747-ACFA-AD8F2F1F9EB9}.Debug|Any CPU.Build.0 = Debug|Any CPU
		{2BDA536D-8B65-4747-ACFA-AD8F2F1F9EB9}.Release|Any CPU.ActiveCfg = Release|Any CPU
		{2BDA536D-8B65-4747-ACFA-AD8F2F1F9EB9}.Release|Any CPU.Build.0 = Release|Any CPU
	EndGlobalSection
EndGlobal
